// !$*UTF8*$!
{
	archiveVersion = 1;
	classes = {
	};
	objectVersion = 48;
	objects = {

/* Begin PBXBuildFile section */
		643CE2B51FC29F86001A81A2 /* AppDelegate.swift in Sources */ = {isa = PBXBuildFile; fileRef = 643CE2B41FC29F86001A81A2 /* AppDelegate.swift */; };
		643CE2B71FC29F86001A81A2 /* ViewController.swift in Sources */ = {isa = PBXBuildFile; fileRef = 643CE2B61FC29F86001A81A2 /* ViewController.swift */; };
		643CE2BA1FC29F86001A81A2 /* Main.storyboard in Resources */ = {isa = PBXBuildFile; fileRef = 643CE2B81FC29F86001A81A2 /* Main.storyboard */; };
		643CE2BC1FC29F86001A81A2 /* Assets.xcassets in Resources */ = {isa = PBXBuildFile; fileRef = 643CE2BB1FC29F86001A81A2 /* Assets.xcassets */; };
		643CE2BF1FC29F86001A81A2 /* LaunchScreen.storyboard in Resources */ = {isa = PBXBuildFile; fileRef = 643CE2BD1FC29F86001A81A2 /* LaunchScreen.storyboard */; };
		643CE2C71FC2A038001A81A2 /* CellModelData.swift in Sources */ = {isa = PBXBuildFile; fileRef = 643CE2C61FC2A038001A81A2 /* CellModelData.swift */; };
		64B630BE1FCC4C53001D679F /* CustomeCell.swift in Sources */ = {isa = PBXBuildFile; fileRef = 64B630BD1FCC4C53001D679F /* CustomeCell.swift */; };
/* End PBXBuildFile section */

/* Begin PBXFileReference section */
		643CE2B11FC29F86001A81A2 /* ExpandableSections.app */ = {isa = PBXFileReference; explicitFileType = wrapper.application; includeInIndex = 0; path = ExpandableSections.app; sourceTree = BUILT_PRODUCTS_DIR; };
		643CE2B41FC29F86001A81A2 /* AppDelegate.swift */ = {isa = PBXFileReference; lastKnownFileType = sourcecode.swift; path = AppDelegate.swift; sourceTree = "<group>"; };
		643CE2B61FC29F86001A81A2 /* ViewController.swift */ = {isa = PBXFileReference; lastKnownFileType = sourcecode.swift; path = ViewController.swift; sourceTree = "<group>"; };
		643CE2B91FC29F86001A81A2 /* Base */ = {isa = PBXFileReference; lastKnownFileType = file.storyboard; name = Base; path = Base.lproj/Main.storyboard; sourceTree = "<group>"; };
		643CE2BB1FC29F86001A81A2 /* Assets.xcassets */ = {isa = PBXFileReference; lastKnownFileType = folder.assetcatalog; path = Assets.xcassets; sourceTree = "<group>"; };
		643CE2BE1FC29F86001A81A2 /* Base */ = {isa = PBXFileReference; lastKnownFileType = file.storyboard; name = Base; path = Base.lproj/LaunchScreen.storyboard; sourceTree = "<group>"; };
		643CE2C01FC29F86001A81A2 /* Info.plist */ = {isa = PBXFileReference; lastKnownFileType = text.plist.xml; path = Info.plist; sourceTree = "<group>"; };
		643CE2C61FC2A038001A81A2 /* CellModelData.swift */ = {isa = PBXFileReference; lastKnownFileType = sourcecode.swift; path = CellModelData.swift; sourceTree = "<group>"; };
		64B630BD1FCC4C53001D679F /* CustomeCell.swift */ = {isa = PBXFileReference; lastKnownFileType = sourcecode.swift; path = CustomeCell.swift; sourceTree = "<group>"; };
/* End PBXFileReference section */

/* Begin PBXFrameworksBuildPhase section */
		643CE2AE1FC29F86001A81A2 /* Frameworks */ = {
			isa = PBXFrameworksBuildPhase;
			buildActionMask = 2147483647;
			files = (
			);
			runOnlyForDeploymentPostprocessing = 0;
		};
/* End PBXFrameworksBuildPhase section */

/* Begin PBXGroup section */
		643CE2A81FC29F86001A81A2 = {
			isa = PBXGroup;
			children = (
				643CE2B31FC29F86001A81A2 /* ExpandableSections */,
				643CE2B21FC29F86001A81A2 /* Products */,
			);
			sourceTree = "<group>";
		};
		643CE2B21FC29F86001A81A2 /* Products */ = {
			isa = PBXGroup;
			children = (
				643CE2B11FC29F86001A81A2 /* ExpandableSections.app */,
			);
			name = Products;
			sourceTree = "<group>";
		};
		643CE2B31FC29F86001A81A2 /* ExpandableSections */ = {
			isa = PBXGroup;
			children = (
				643CE2B41FC29F86001A81A2 /* AppDelegate.swift */,
				643CE2B61FC29F86001A81A2 /* ViewController.swift */,
				643CE2C61FC2A038001A81A2 /* CellModelData.swift */,
				64B630BD1FCC4C53001D679F /* CustomeCell.swift */,
				643CE2B81FC29F86001A81A2 /* Main.storyboard */,
				643CE2BB1FC29F86001A81A2 /* Assets.xcassets */,
				643CE2BD1FC29F86001A81A2 /* LaunchScreen.storyboard */,
				643CE2C01FC29F86001A81A2 /* Info.plist */,
			);
			path = ExpandableSections;
			sourceTree = "<group>";
		};
/* End PBXGroup section */

/* Begin PBXNativeTarget section */
		643CE2B01FC29F86001A81A2 /* ExpandableSections */ = {
			isa = PBXNativeTarget;
			buildConfigurationList = 643CE2C31FC29F86001A81A2 /* Build configuration list for PBXNativeTarget "ExpandableSections" */;
			buildPhases = (
				643CE2AD1FC29F86001A81A2 /* Sources */,
				643CE2AE1FC29F86001A81A2 /* Frameworks */,
				643CE2AF1FC29F86001A81A2 /* Resources */,
			);
			buildRules = (
			);
			dependencies = (
			);
			name = ExpandableSections;
			productName = ExpandableSections;
			productReference = 643CE2B11FC29F86001A81A2 /* ExpandableSections.app */;
			productType = "com.apple.product-type.application";
		};
/* End PBXNativeTarget section */

/* Begin PBXProject section */
		643CE2A91FC29F86001A81A2 /* Project object */ = {
			isa = PBXProject;
			attributes = {
				LastSwiftUpdateCheck = 0900;
				LastUpgradeCheck = 0900;
				ORGANIZATIONNAME = "Ghouse Basha Shaik";
				TargetAttributes = {
					643CE2B01FC29F86001A81A2 = {
						CreatedOnToolsVersion = 9.0;
						ProvisioningStyle = Automatic;
					};
				};
			};
			buildConfigurationList = 643CE2AC1FC29F86001A81A2 /* Build configuration list for PBXProject "ExpandableSections" */;
			compatibilityVersion = "Xcode 8.0";
			developmentRegion = en;
			hasScannedForEncodings = 0;
			knownRegions = (
				en,
				Base,
			);
			mainGroup = 643CE2A81FC29F86001A81A2;
			productRefGroup = 643CE2B21FC29F86001A81A2 /* Products */;
			projectDirPath = "";
			projectRoot = "";
			targets = (
				643CE2B01FC29F86001A81A2 /* ExpandableSections */,
			);
		};
/* End PBXProject section */

/* Begin PBXResourcesBuildPhase section */
		643CE2AF1FC29F86001A81A2 /* Resources */ = {
			isa = PBXResourcesBuildPhase;
			buildActionMask = 2147483647;
			files = (
				643CE2BF1FC29F86001A81A2 /* LaunchScreen.storyboard in Resources */,
				643CE2BC1FC29F86001A81A2 /* Assets.xcassets in Resources */,
				643CE2BA1FC29F86001A81A2 /* Main.storyboard in Resources */,
			);
			runOnlyForDeploymentPostprocessing = 0;
		};
/* End PBXResourcesBuildPhase section */

/* Begin PBXSourcesBuildPhase section */
		643CE2AD1FC29F86001A81A2 /* Sources */ = {
			isa = PBXSourcesBuildPhase;
			buildActionMask = 2147483647;
			files = (
				64B630BE1FCC4C53001D679F /* CustomeCell.swift in Sources */,
				643CE2B71FC29F86001A81A2 /* ViewController.swift in Sources */,
				643CE2B51FC29F86001A81A2 /* AppDelegate.swift in Sources */,
				643CE2C71FC2A038001A81A2 /* CellModelData.swift in Sources */,
			);
			runOnlyForDeploymentPostprocessing = 0;
		};
/* End PBXSourcesBuildPhase section */

/* Begin PBXVariantGroup section */
		643CE2B81FC29F86001A81A2 /* Main.storyboard */ = {
			isa = PBXVariantGroup;
			children = (
				643CE2B91FC29F86001A81A2 /* Base */,
			);
			name = Main.storyboard;
			sourceTree = "<group>";
		};
		643CE2BD1FC29F86001A81A2 /* LaunchScreen.storyboard */ = {
			isa = PBXVariantGroup;
			children = (
				643CE2BE1FC29F86001A81A2 /* Base */,
			);
			name = LaunchScreen.storyboard;
			sourceTree = "<group>";
		};
/* End PBXVariantGroup section */

/* Begin XCBuildConfiguration section */
		643CE2C11FC29F86001A81A2 /* Debug */ = {
			isa = XCBuildConfiguration;
			buildSettings = {
				ALWAYS_SEARCH_USER_PATHS = NO;
				CLANG_ANALYZER_NONNULL = YES;
				CLANG_ANALYZER_NUMBER_OBJECT_CONVERSION = YES_AGGRESSIVE;
				CLANG_CXX_LANGUAGE_STANDARD = "gnu++14";
				CLANG_CXX_LIBRARY = "libc++";
				CLANG_ENABLE_MODULES = YES;
				CLANG_ENABLE_OBJC_ARC = YES;
				CLANG_WARN_BLOCK_CAPTURE_AUTORELEASING = YES;
				CLANG_WARN_BOOL_CONVERSION = YES;
				CLANG_WARN_COMMA = YES;
				CLANG_WARN_CONSTANT_CONVERSION = YES;
				CLANG_WARN_DIRECT_OBJC_ISA_USAGE = YES_ERROR;
				CLANG_WARN_DOCUMENTATION_COMMENTS = YES;
				CLANG_WARN_EMPTY_BODY = YES;
				CLANG_WARN_ENUM_CONVERSION = YES;
				CLANG_WARN_INFINITE_RECURSION = YES;
				CLANG_WARN_INT_CONVERSION = YES;
				CLANG_WARN_NON_LITERAL_NULL_CONVERSION = YES;
				CLANG_WARN_OBJC_LITERAL_CONVERSION = YES;
				CLANG_WARN_OBJC_ROOT_CLASS = YES_ERROR;
				CLANG_WARN_RANGE_LOOP_ANALYSIS = YES;
				CLANG_WARN_STRICT_PROTOTYPES = YES;
				CLANG_WARN_SUSPICIOUS_MOVE = YES;
				CLANG_WARN_UNGUARDED_AVAILABILITY = YES_AGGRESSIVE;
				CLANG_WARN_UNREACHABLE_CODE = YES;
				CLANG_WARN__DUPLICATE_METHOD_MATCH = YES;
				CODE_SIGN_IDENTITY = "iPhone Developer";
				COPY_PHASE_STRIP = NO;
				DEBUG_INFORMATION_FORMAT = dwarf;
				ENABLE_STRICT_OBJC_MSGSEND = YES;
				ENABLE_TESTABILITY = YES;
				GCC_C_LANGUAGE_STANDARD = gnu11;
				GCC_DYNAMIC_NO_PIC = NO;
				GCC_NO_COMMON_BLOCKS = YES;
				GCC_OPTIMIZATION_LEVEL = 0;
				GCC_PREPROCESSOR_DEFINITIONS = (
					"DEBUG=1",
					"$(inherited)",
				);
				GCC_WARN_64_TO_32_BIT_CONVERSION = YES;
				GCC_WARN_ABOUT_RETURN_TYPE = YES_ERROR;
				GCC_WARN_UNDECLARED_SELECTOR = YES;
				GCC_WARN_UNINITIALIZED_AUTOS = YES_AGGRESSIVE;
				GCC_WARN_UNUSED_FUNCTION = YES;
				GCC_WARN_UNUSED_VARIABLE = YES;
				IPHONEOS_DEPLOYMENT_TARGET = 11.0;
				MTL_ENABLE_DEBUG_INFO = YES;
				ONLY_ACTIVE_ARCH = YES;
				SDKROOT = iphoneos;
				SWIFT_ACTIVE_COMPILATION_CONDITIONS = DEBUG;
				SWIFT_OPTIMIZATION_LEVEL = "-Onone";
			};
			name = Debug;
		};
		643CE2C21FC29F86001A81A2 /* Release */ = {
			isa = XCBuildConfiguration;
			buildSettings = {
				ALWAYS_SEARCH_USER_PATHS = NO;
				CLANG_ANALYZER_NONNULL = YES;
				CLANG_ANALYZER_NUMBER_OBJECT_CONVERSION = YES_AGGRESSIVE;
				CLANG_CXX_LANGUAGE_STANDARD = "gnu++14";
				CLANG_CXX_LIBRARY = "libc++";
				CLANG_ENABLE_MODULES = YES;
				CLANG_ENABLE_OBJC_ARC = YES;
				CLANG_WARN_BLOCK_CAPTURE_AUTORELEASING = YES;
				CLANG_WARN_BOOL_CONVERSION = YES;
				CLANG_WARN_COMMA = YES;
				CLANG_WARN_CONSTANT_CONVERSION = YES;
				CLANG_WARN_DIRECT_OBJC_ISA_USAGE = YES_ERROR;
				CLANG_WARN_DOCUMENTATION_COMMENTS = YES;
				CLANG_WARN_EMPTY_BODY = YES;
				CLANG_WARN_ENUM_CONVERSION = YES;
				CLANG_WARN_INFINITE_RECURSION = YES;
				CLANG_WARN_INT_CONVERSION = YES;
				CLANG_WARN_NON_LITERAL_NULL_CONVERSION = YES;
				CLANG_WARN_OBJC_LITERAL_CONVERSION = YES;
				CLANG_WARN_OBJC_ROOT_CLASS = YES_ERROR;
				CLANG_WARN_RANGE_LOOP_ANALYSIS = YES;
				CLANG_WARN_STRICT_PROTOTYPES = YES;
				CLANG_WARN_SUSPICIOUS_MOVE = YES;
				CLANG_WARN_UNGUARDED_AVAILABILITY = YES_AGGRESSIVE;
				CLANG_WARN_UNREACHABLE_CODE = YES;
				CLANG_WARN__DUPLICATE_METHOD_MATCH = YES;
				CODE_SIGN_IDENTITY = "iPhone Developer";
				COPY_PHASE_STRIP = NO;
				DEBUG_INFORMATION_FORMAT = "dwarf-with-dsym";
				ENABLE_NS_ASSERTIONS = NO;
				ENABLE_STRICT_OBJC_MSGSEND = YES;
				GCC_C_LANGUAGE_STANDARD = gnu11;
				GCC_NO_COMMON_BLOCKS = YES;
				GCC_WARN_64_TO_32_BIT_CONVERSION = YES;
				GCC_WARN_ABOUT_RETURN_TYPE = YES_ERROR;
				GCC_WARN_UNDECLARED_SELECTOR = YES;
				GCC_WARN_UNINITIALIZED_AUTOS = YES_AGGRESSIVE;
				GCC_WARN_UNUSED_FUNCTION = YES;
				GCC_WARN_UNUSED_VARIABLE = YES;
				IPHONEOS_DEPLOYMENT_TARGET = 11.0;
				MTL_ENABLE_DEBUG_INFO = NO;
				SDKROOT = iphoneos;
				SWIFT_OPTIMIZATION_LEVEL = "-Owholemodule";
				VALIDATE_PRODUCT = YES;
			};
			name = Release;
		};
		643CE2C41FC29F86001A81A2 /* Debug */ = {
			isa = XCBuildConfiguration;
			buildSettings = {
				ASSETCATALOG_COMPILER_APPICON_NAME = AppIcon;
				CODE_SIGN_STYLE = Automatic;
				DEVELOPMENT_TEAM = TBAD8HG3V6;
				INFOPLIST_FILE = ExpandableSections/Info.plist;
				LD_RUNPATH_SEARCH_PATHS = "$(inherited) @executable_path/Frameworks";
				PRODUCT_BUNDLE_IDENTIFIER = com.vsoft.storybook.ExpandableSections;
				PRODUCT_NAME = "$(TARGET_NAME)";
				SWIFT_VERSION = 4.0;
				TARGETED_DEVICE_FAMILY = "1,2";
			};
			name = Debug;
		};
		643CE2C51FC29F86001A81A2 /* Release */ = {
			isa = XCBuildConfiguration;
			buildSettings = {
				ASSETCATALOG_COMPILER_APPICON_NAME = AppIcon;
				CODE_SIGN_STYLE = Automatic;
				DEVELOPMENT_TEAM = TBAD8HG3V6;
				INFOPLIST_FILE = ExpandableSections/Info.plist;
				LD_RUNPATH_SEARCH_PATHS = "$(inherited) @executable_path/Frameworks";
				PRODUCT_BUNDLE_IDENTIFIER = com.vsoft.storybook.ExpandableSections;
				PRODUCT_NAME = "$(TARGET_NAME)";
				SWIFT_VERSION = 4.0;
				TARGETED_DEVICE_FAMILY = "1,2";
			};
			name = Release;
		};
/* End XCBuildConfiguration section */

/* Begin XCConfigurationList section */
		643CE2AC1FC29F86001A81A2 /* Build configuration list for PBXProject "ExpandableSections" */ = {
			isa = XCConfigurationList;
			buildConfigurations = (
				643CE2C11FC29F86001A81A2 /* Debug */,
				643CE2C21FC29F86001A81A2 /* Release */,
			);
			defaultConfigurationIsVisible = 0;
			defaultConfigurationName = Release;
		};
		643CE2C31FC29F86001A81A2 /* Build configuration list for PBXNativeTarget "ExpandableSections" */ = {
			isa = XCConfigurationList;
			buildConfigurations = (
				643CE2C41FC29F86001A81A2 /* Debug */,
				643CE2C51FC29F86001A81A2 /* Release */,
			);
			defaultConfigurationIsVisible = 0;
			defaultConfigurationName = Release;
		};
/* End XCConfigurationList section */
	};
	rootObject = 643CE2A91FC29F86001A81A2 /* Project object */;
}
